
Microsoft Visual Studio Solution File, Format Version 12.00
# Visual Studio Version 17
VisualStudioVersion = 17.6.33723.286
MinimumVisualStudioVersion = 10.0.40219.1
Project("{FAE04EC0-301F-11D3-BF4B-00C04F79EFBC}") = "projekt - aplikace pro spravu domacich ukolu", "projekt - aplikace pro spravu domacich ukolu\projekt - aplikace pro spravu domacich ukolu.csproj", "{C37FA9CF-1E5C-4FE5-A018-56CF085BD458}"
EndProject
Global
	GlobalSection(SolutionConfigurationPlatforms) = preSolution
		Debug|Any CPU = Debug|Any CPU
		Release|Any CPU = Release|Any CPU
	EndGlobalSection
	GlobalSection(ProjectConfigurationPlatforms) = postSolution
		{C37FA9CF-1E5C-4FE5-A018-56CF085BD458}.Debug|Any CPU.ActiveCfg = Debug|Any CPU
		{C37FA9CF-1E5C-4FE5-A018-56CF085BD458}.Debug|Any CPU.Build.0 = Debug|Any CPU
		{C37FA9CF-1E5C-4FE5-A018-56CF085BD458}.Release|Any CPU.ActiveCfg = Release|Any CPU
		{C37FA9CF-1E5C-4FE5-A018-56CF085BD458}.Release|Any CPU.Build.0 = Release|Any CPU
	EndGlobalSection
	GlobalSection(SolutionProperties) = preSolution
		HideSolutionNode = FALSE
	EndGlobalSection
	GlobalSection(ExtensibilityGlobals) = postSolution
		SolutionGuid = {B699919B-80F9-4750-9BF0-7B4C7CFC2AFF}
	EndGlobalSection
EndGlobal
